// !$*UTF8*$!
{
	archiveVersion = 1;
	classes = {
	};
	objectVersion = 56;
	objects = {

/* Begin PBXBuildFile section */
		C837CABE2A142B77002F066B /* ProfileView.swift in Sources */ = {isa = PBXBuildFile; fileRef = C837CABD2A142B77002F066B /* ProfileView.swift */; };
		C85737162A15187D006511CC /* HomeSmallIcon.swift in Sources */ = {isa = PBXBuildFile; fileRef = C85737152A15187D006511CC /* HomeSmallIcon.swift */; };
		C85737182A155B46006511CC /* ProgressionView.swift in Sources */ = {isa = PBXBuildFile; fileRef = C85737172A155B46006511CC /* ProgressionView.swift */; };
		C857371E2A15794B006511CC /* QuestionView.swift in Sources */ = {isa = PBXBuildFile; fileRef = C857371D2A15794B006511CC /* QuestionView.swift */; };
		C8AB83252A07D99A00E80EEC /* qquizApp.swift in Sources */ = {isa = PBXBuildFile; fileRef = C8AB83242A07D99A00E80EEC /* qquizApp.swift */; };
		C8AB83292A07D99D00E80EEC /* Assets.xcassets in Resources */ = {isa = PBXBuildFile; fileRef = C8AB83282A07D99D00E80EEC /* Assets.xcassets */; };
		C8AB832C2A07D99D00E80EEC /* Preview Assets.xcassets in Resources */ = {isa = PBXBuildFile; fileRef = C8AB832B2A07D99D00E80EEC /* Preview Assets.xcassets */; };
		C8AB833A2A08805A00E80EEC /* ContentModel.swift in Sources */ = {isa = PBXBuildFile; fileRef = C8AB83392A08805A00E80EEC /* ContentModel.swift */; };
		C8AB833C2A08843000E80EEC /* Model.swift in Sources */ = {isa = PBXBuildFile; fileRef = C8AB833B2A08843000E80EEC /* Model.swift */; };
		C8AB83422A092B2400E80EEC /* tests1.json in Resources */ = {isa = PBXBuildFile; fileRef = C8AB83412A092B2400E80EEC /* tests1.json */; };
		C8AB83442A092B9200E80EEC /* HomeViewIcon.swift in Sources */ = {isa = PBXBuildFile; fileRef = C8AB83432A092B9200E80EEC /* HomeViewIcon.swift */; };
		C8AB83462A0934CB00E80EEC /* QuizView.swift in Sources */ = {isa = PBXBuildFile; fileRef = C8AB83452A0934CB00E80EEC /* QuizView.swift */; };
		C8AB83482A094F1300E80EEC /* RectangleCard.swift in Sources */ = {isa = PBXBuildFile; fileRef = C8AB83472A094F1300E80EEC /* RectangleCard.swift */; };
		C8AB834A2A09A3B800E80EEC /* TestResultView.swift in Sources */ = {isa = PBXBuildFile; fileRef = C8AB83492A09A3B800E80EEC /* TestResultView.swift */; };
		C8AB834E2A0ADCE600E80EEC /* HomeView.swift in Sources */ = {isa = PBXBuildFile; fileRef = C8AB834D2A0ADCE600E80EEC /* HomeView.swift */; };
/* End PBXBuildFile section */

/* Begin PBXFileReference section */
		C81B23852A0DA220009F20BC /* Info.plist */ = {isa = PBXFileReference; lastKnownFileType = text.plist; path = Info.plist; sourceTree = "<group>"; };
		C837CABD2A142B77002F066B /* ProfileView.swift */ = {isa = PBXFileReference; lastKnownFileType = sourcecode.swift; path = ProfileView.swift; sourceTree = "<group>"; };
		C85737152A15187D006511CC /* HomeSmallIcon.swift */ = {isa = PBXFileReference; lastKnownFileType = sourcecode.swift; path = HomeSmallIcon.swift; sourceTree = "<group>"; };
		C85737172A155B46006511CC /* ProgressionView.swift */ = {isa = PBXFileReference; lastKnownFileType = sourcecode.swift; path = ProgressionView.swift; sourceTree = "<group>"; };
		C857371D2A15794B006511CC /* QuestionView.swift */ = {isa = PBXFileReference; lastKnownFileType = sourcecode.swift; path = QuestionView.swift; sourceTree = "<group>"; };
		C8AB83212A07D99A00E80EEC /* qquiz.app */ = {isa = PBXFileReference; explicitFileType = wrapper.application; includeInIndex = 0; path = qquiz.app; sourceTree = BUILT_PRODUCTS_DIR; };
		C8AB83242A07D99A00E80EEC /* qquizApp.swift */ = {isa = PBXFileReference; lastKnownFileType = sourcecode.swift; path = qquizApp.swift; sourceTree = "<group>"; };
		C8AB83282A07D99D00E80EEC /* Assets.xcassets */ = {isa = PBXFileReference; lastKnownFileType = folder.assetcatalog; path = Assets.xcassets; sourceTree = "<group>"; };
		C8AB832B2A07D99D00E80EEC /* Preview Assets.xcassets */ = {isa = PBXFileReference; lastKnownFileType = folder.assetcatalog; path = "Preview Assets.xcassets"; sourceTree = "<group>"; };
		C8AB83392A08805A00E80EEC /* ContentModel.swift */ = {isa = PBXFileReference; lastKnownFileType = sourcecode.swift; path = ContentModel.swift; sourceTree = "<group>"; };
		C8AB833B2A08843000E80EEC /* Model.swift */ = {isa = PBXFileReference; lastKnownFileType = sourcecode.swift; path = Model.swift; sourceTree = "<group>"; };
		C8AB83412A092B2400E80EEC /* tests1.json */ = {isa = PBXFileReference; fileEncoding = 4; lastKnownFileType = text.json; path = tests1.json; sourceTree = "<group>"; };
		C8AB83432A092B9200E80EEC /* HomeViewIcon.swift */ = {isa = PBXFileReference; lastKnownFileType = sourcecode.swift; path = HomeViewIcon.swift; sourceTree = "<group>"; };
		C8AB83452A0934CB00E80EEC /* QuizView.swift */ = {isa = PBXFileReference; lastKnownFileType = sourcecode.swift; path = QuizView.swift; sourceTree = "<group>"; };
		C8AB83472A094F1300E80EEC /* RectangleCard.swift */ = {isa = PBXFileReference; lastKnownFileType = sourcecode.swift; path = RectangleCard.swift; sourceTree = "<group>"; };
		C8AB83492A09A3B800E80EEC /* TestResultView.swift */ = {isa = PBXFileReference; lastKnownFileType = sourcecode.swift; path = TestResultView.swift; sourceTree = "<group>"; };
		C8AB834D2A0ADCE600E80EEC /* HomeView.swift */ = {isa = PBXFileReference; fileEncoding = 4; lastKnownFileType = sourcecode.swift; name = HomeView.swift; path = qquiz/View/HomeView.swift; sourceTree = SOURCE_ROOT; };
/* End PBXFileReference section */

/* Begin PBXFrameworksBuildPhase section */
		C8AB831E2A07D99A00E80EEC /* Frameworks */ = {
			isa = PBXFrameworksBuildPhase;
			buildActionMask = 2147483647;
			files = (
			);
			runOnlyForDeploymentPostprocessing = 0;
		};
/* End PBXFrameworksBuildPhase section */

/* Begin PBXGroup section */
		C85737192A155C5A006511CC /* Home View */ = {
			isa = PBXGroup;
			children = (
				C85737152A15187D006511CC /* HomeSmallIcon.swift */,
				C8AB83432A092B9200E80EEC /* HomeViewIcon.swift */,
			);
			path = "Home View";
			sourceTree = "<group>";
		};
		C857371A2A155C76006511CC /* Quiz View */ = {
			isa = PBXGroup;
			children = (
				C8AB83452A0934CB00E80EEC /* QuizView.swift */,
				C8AB83492A09A3B800E80EEC /* TestResultView.swift */,
				C857371D2A15794B006511CC /* QuestionView.swift */,
				C837CABD2A142B77002F066B /* ProfileView.swift */,
				C85737172A155B46006511CC /* ProgressionView.swift */,
			);
			path = "Quiz View";
			sourceTree = "<group>";
		};
		C8AB83182A07D99A00E80EEC = {
			isa = PBXGroup;
			children = (
				C8AB83232A07D99A00E80EEC /* qquiz */,
				C8AB83222A07D99A00E80EEC /* Products */,
			);
			sourceTree = "<group>";
		};
		C8AB83222A07D99A00E80EEC /* Products */ = {
			isa = PBXGroup;
			children = (
				C8AB83212A07D99A00E80EEC /* qquiz.app */,
			);
			name = Products;
			sourceTree = "<group>";
		};
		C8AB83232A07D99A00E80EEC /* qquiz */ = {
			isa = PBXGroup;
			children = (
				C81B23852A0DA220009F20BC /* Info.plist */,
				C8AB83242A07D99A00E80EEC /* qquizApp.swift */,
				C8AB83322A087C1900E80EEC /* View */,
				C8AB83332A087C3700E80EEC /* ViewModel */,
				C8AB83352A087C4D00E80EEC /* Data */,
				C8AB83362A087C5500E80EEC /* Help */,
				C8AB83342A087C4300E80EEC /* Model */,
				C8AB83282A07D99D00E80EEC /* Assets.xcassets */,
				C8AB832A2A07D99D00E80EEC /* Preview Content */,
			);
			path = qquiz;
			sourceTree = "<group>";
		};
		C8AB832A2A07D99D00E80EEC /* Preview Content */ = {
			isa = PBXGroup;
			children = (
				C8AB832B2A07D99D00E80EEC /* Preview Assets.xcassets */,
			);
			path = "Preview Content";
			sourceTree = "<group>";
		};
		C8AB83322A087C1900E80EEC /* View */ = {
			isa = PBXGroup;
			children = (
				C8AB834D2A0ADCE600E80EEC /* HomeView.swift */,
				C85737192A155C5A006511CC /* Home View */,
				C857371A2A155C76006511CC /* Quiz View */,
			);
			path = View;
			sourceTree = "<group>";
		};
		C8AB83332A087C3700E80EEC /* ViewModel */ = {
			isa = PBXGroup;
			children = (
				C8AB83392A08805A00E80EEC /* ContentModel.swift */,
			);
			path = ViewModel;
			sourceTree = "<group>";
		};
		C8AB83342A087C4300E80EEC /* Model */ = {
			isa = PBXGroup;
			children = (
				C8AB833B2A08843000E80EEC /* Model.swift */,
			);
			path = Model;
			sourceTree = "<group>";
		};
		C8AB83352A087C4D00E80EEC /* Data */ = {
			isa = PBXGroup;
			children = (
				C8AB83412A092B2400E80EEC /* tests1.json */,
			);
			path = Data;
			sourceTree = "<group>";
		};
		C8AB83362A087C5500E80EEC /* Help */ = {
			isa = PBXGroup;
			children = (
				C8AB83472A094F1300E80EEC /* RectangleCard.swift */,
			);
			path = Help;
			sourceTree = "<group>";
		};
/* End PBXGroup section */

/* Begin PBXNativeTarget section */
		C8AB83202A07D99A00E80EEC /* qquiz */ = {
			isa = PBXNativeTarget;
			buildConfigurationList = C8AB832F2A07D99D00E80EEC /* Build configuration list for PBXNativeTarget "qquiz" */;
			buildPhases = (
				C8AB831D2A07D99A00E80EEC /* Sources */,
				C8AB831E2A07D99A00E80EEC /* Frameworks */,
				C8AB831F2A07D99A00E80EEC /* Resources */,
			);
			buildRules = (
			);
			dependencies = (
			);
			name = qquiz;
			productName = qquiz;
			productReference = C8AB83212A07D99A00E80EEC /* qquiz.app */;
			productType = "com.apple.product-type.application";
		};
/* End PBXNativeTarget section */

/* Begin PBXProject section */
		C8AB83192A07D99A00E80EEC /* Project object */ = {
			isa = PBXProject;
			attributes = {
				BuildIndependentTargetsInParallel = 1;
				LastSwiftUpdateCheck = 1410;
				LastUpgradeCheck = 1410;
				TargetAttributes = {
					C8AB83202A07D99A00E80EEC = {
						CreatedOnToolsVersion = 14.1;
					};
				};
			};
			buildConfigurationList = C8AB831C2A07D99A00E80EEC /* Build configuration list for PBXProject "qquiz" */;
			compatibilityVersion = "Xcode 14.0";
			developmentRegion = en;
			hasScannedForEncodings = 0;
			knownRegions = (
				en,
				Base,
			);
			mainGroup = C8AB83182A07D99A00E80EEC;
			productRefGroup = C8AB83222A07D99A00E80EEC /* Products */;
			projectDirPath = "";
			projectRoot = "";
			targets = (
				C8AB83202A07D99A00E80EEC /* qquiz */,
			);
		};
/* End PBXProject section */

/* Begin PBXResourcesBuildPhase section */
		C8AB831F2A07D99A00E80EEC /* Resources */ = {
			isa = PBXResourcesBuildPhase;
			buildActionMask = 2147483647;
			files = (
				C8AB832C2A07D99D00E80EEC /* Preview Assets.xcassets in Resources */,
				C8AB83422A092B2400E80EEC /* tests1.json in Resources */,
				C8AB83292A07D99D00E80EEC /* Assets.xcassets in Resources */,
			);
			runOnlyForDeploymentPostprocessing = 0;
		};
/* End PBXResourcesBuildPhase section */

/* Begin PBXSourcesBuildPhase section */
		C8AB831D2A07D99A00E80EEC /* Sources */ = {
			isa = PBXSourcesBuildPhase;
			buildActionMask = 2147483647;
			files = (
				C8AB834A2A09A3B800E80EEC /* TestResultView.swift in Sources */,
				C837CABE2A142B77002F066B /* ProfileView.swift in Sources */,
				C8AB83442A092B9200E80EEC /* HomeViewIcon.swift in Sources */,
				C8AB83252A07D99A00E80EEC /* qquizApp.swift in Sources */,
				C857371E2A15794B006511CC /* QuestionView.swift in Sources */,
				C8AB833A2A08805A00E80EEC /* ContentModel.swift in Sources */,
				C8AB83482A094F1300E80EEC /* RectangleCard.swift in Sources */,
				C85737182A155B46006511CC /* ProgressionView.swift in Sources */,
				C8AB834E2A0ADCE600E80EEC /* HomeView.swift in Sources */,
				C85737162A15187D006511CC /* HomeSmallIcon.swift in Sources */,
				C8AB833C2A08843000E80EEC /* Model.swift in Sources */,
				C8AB83462A0934CB00E80EEC /* QuizView.swift in Sources */,
			);
			runOnlyForDeploymentPostprocessing = 0;
		};
/* End PBXSourcesBuildPhase section */

/* Begin XCBuildConfiguration section */
		C8AB832D2A07D99D00E80EEC /* Debug */ = {
			isa = XCBuildConfiguration;
			buildSettings = {
				ALWAYS_SEARCH_USER_PATHS = NO;
				CLANG_ANALYZER_NONNULL = YES;
				CLANG_ANALYZER_NUMBER_OBJECT_CONVERSION = YES_AGGRESSIVE;
				CLANG_CXX_LANGUAGE_STANDARD = "gnu++20";
				CLANG_ENABLE_MODULES = YES;
				CLANG_ENABLE_OBJC_ARC = YES;
				CLANG_ENABLE_OBJC_WEAK = YES;
				CLANG_WARN_BLOCK_CAPTURE_AUTORELEASING = YES;
				CLANG_WARN_BOOL_CONVERSION = YES;
				CLANG_WARN_COMMA = YES;
				CLANG_WARN_CONSTANT_CONVERSION = YES;
				CLANG_WARN_DEPRECATED_OBJC_IMPLEMENTATIONS = YES;
				CLANG_WARN_DIRECT_OBJC_ISA_USAGE = YES_ERROR;
				CLANG_WARN_DOCUMENTATION_COMMENTS = YES;
				CLANG_WARN_EMPTY_BODY = YES;
				CLANG_WARN_ENUM_CONVERSION = YES;
				CLANG_WARN_INFINITE_RECURSION = YES;
				CLANG_WARN_INT_CONVERSION = YES;
				CLANG_WARN_NON_LITERAL_NULL_CONVERSION = YES;
				CLANG_WARN_OBJC_IMPLICIT_RETAIN_SELF = YES;
				CLANG_WARN_OBJC_LITERAL_CONVERSION = YES;
				CLANG_WARN_OBJC_ROOT_CLASS = YES_ERROR;
				CLANG_WARN_QUOTED_INCLUDE_IN_FRAMEWORK_HEADER = YES;
				CLANG_WARN_RANGE_LOOP_ANALYSIS = YES;
				CLANG_WARN_STRICT_PROTOTYPES = YES;
				CLANG_WARN_SUSPICIOUS_MOVE = YES;
				CLANG_WARN_UNGUARDED_AVAILABILITY = YES_AGGRESSIVE;
				CLANG_WARN_UNREACHABLE_CODE = YES;
				CLANG_WARN__DUPLICATE_METHOD_MATCH = YES;
				COPY_PHASE_STRIP = NO;
				DEBUG_INFORMATION_FORMAT = dwarf;
				ENABLE_STRICT_OBJC_MSGSEND = YES;
				ENABLE_TESTABILITY = YES;
				GCC_C_LANGUAGE_STANDARD = gnu11;
				GCC_DYNAMIC_NO_PIC = NO;
				GCC_NO_COMMON_BLOCKS = YES;
				GCC_OPTIMIZATION_LEVEL = 0;
				GCC_PREPROCESSOR_DEFINITIONS = (
					"DEBUG=1",
					"$(inherited)",
				);
				GCC_WARN_64_TO_32_BIT_CONVERSION = YES;
				GCC_WARN_ABOUT_RETURN_TYPE = YES_ERROR;
				GCC_WARN_UNDECLARED_SELECTOR = YES;
				GCC_WARN_UNINITIALIZED_AUTOS = YES_AGGRESSIVE;
				GCC_WARN_UNUSED_FUNCTION = YES;
				GCC_WARN_UNUSED_VARIABLE = YES;
				IPHONEOS_DEPLOYMENT_TARGET = 16.1;
				MTL_ENABLE_DEBUG_INFO = INCLUDE_SOURCE;
				MTL_FAST_MATH = YES;
				ONLY_ACTIVE_ARCH = YES;
				SDKROOT = iphoneos;
				SWIFT_ACTIVE_COMPILATION_CONDITIONS = DEBUG;
				SWIFT_OPTIMIZATION_LEVEL = "-Onone";
			};
			name = Debug;
		};
		C8AB832E2A07D99D00E80EEC /* Release */ = {
			isa = XCBuildConfiguration;
			buildSettings = {
				ALWAYS_SEARCH_USER_PATHS = NO;
				CLANG_ANALYZER_NONNULL = YES;
				CLANG_ANALYZER_NUMBER_OBJECT_CONVERSION = YES_AGGRESSIVE;
				CLANG_CXX_LANGUAGE_STANDARD = "gnu++20";
				CLANG_ENABLE_MODULES = YES;
				CLANG_ENABLE_OBJC_ARC = YES;
				CLANG_ENABLE_OBJC_WEAK = YES;
				CLANG_WARN_BLOCK_CAPTURE_AUTORELEASING = YES;
				CLANG_WARN_BOOL_CONVERSION = YES;
				CLANG_WARN_COMMA = YES;
				CLANG_WARN_CONSTANT_CONVERSION = YES;
				CLANG_WARN_DEPRECATED_OBJC_IMPLEMENTATIONS = YES;
				CLANG_WARN_DIRECT_OBJC_ISA_USAGE = YES_ERROR;
				CLANG_WARN_DOCUMENTATION_COMMENTS = YES;
				CLANG_WARN_EMPTY_BODY = YES;
				CLANG_WARN_ENUM_CONVERSION = YES;
				CLANG_WARN_INFINITE_RECURSION = YES;
				CLANG_WARN_INT_CONVERSION = YES;
				CLANG_WARN_NON_LITERAL_NULL_CONVERSION = YES;
				CLANG_WARN_OBJC_IMPLICIT_RETAIN_SELF = YES;
				CLANG_WARN_OBJC_LITERAL_CONVERSION = YES;
				CLANG_WARN_OBJC_ROOT_CLASS = YES_ERROR;
				CLANG_WARN_QUOTED_INCLUDE_IN_FRAMEWORK_HEADER = YES;
				CLANG_WARN_RANGE_LOOP_ANALYSIS = YES;
				CLANG_WARN_STRICT_PROTOTYPES = YES;
				CLANG_WARN_SUSPICIOUS_MOVE = YES;
				CLANG_WARN_UNGUARDED_AVAILABILITY = YES_AGGRESSIVE;
				CLANG_WARN_UNREACHABLE_CODE = YES;
				CLANG_WARN__DUPLICATE_METHOD_MATCH = YES;
				COPY_PHASE_STRIP = NO;
				DEBUG_INFORMATION_FORMAT = "dwarf-with-dsym";
				ENABLE_NS_ASSERTIONS = NO;
				ENABLE_STRICT_OBJC_MSGSEND = YES;
				GCC_C_LANGUAGE_STANDARD = gnu11;
				GCC_NO_COMMON_BLOCKS = YES;
				GCC_WARN_64_TO_32_BIT_CONVERSION = YES;
				GCC_WARN_ABOUT_RETURN_TYPE = YES_ERROR;
				GCC_WARN_UNDECLARED_SELECTOR = YES;
				GCC_WARN_UNINITIALIZED_AUTOS = YES_AGGRESSIVE;
				GCC_WARN_UNUSED_FUNCTION = YES;
				GCC_WARN_UNUSED_VARIABLE = YES;
				IPHONEOS_DEPLOYMENT_TARGET = 16.1;
				MTL_ENABLE_DEBUG_INFO = NO;
				MTL_FAST_MATH = YES;
				SDKROOT = iphoneos;
				SWIFT_COMPILATION_MODE = wholemodule;
				SWIFT_OPTIMIZATION_LEVEL = "-O";
				VALIDATE_PRODUCT = YES;
			};
			name = Release;
		};
		C8AB83302A07D99D00E80EEC /* Debug */ = {
			isa = XCBuildConfiguration;
			buildSettings = {
				ASSETCATALOG_COMPILER_APPICON_NAME = AppIcon;
				ASSETCATALOG_COMPILER_GLOBAL_ACCENT_COLOR_NAME = AccentColor;
				CODE_SIGN_STYLE = Automatic;
				CURRENT_PROJECT_VERSION = 1;
				DEVELOPMENT_ASSET_PATHS = "\"qquiz/Preview Content\"";
				DEVELOPMENT_TEAM = U33WKC9322;
				ENABLE_PREVIEWS = YES;
				GENERATE_INFOPLIST_FILE = YES;
				INFOPLIST_FILE = qquiz/Info.plist;
				INFOPLIST_KEY_LSApplicationCategoryType = "";
				INFOPLIST_KEY_UIApplicationSceneManifest_Generation = YES;
				INFOPLIST_KEY_UIApplicationSupportsIndirectInputEvents = YES;
				INFOPLIST_KEY_UISupportedInterfaceOrientations_iPad = "UIInterfaceOrientationPortrait UIInterfaceOrientationPortraitUpsideDown UIInterfaceOrientationLandscapeLeft UIInterfaceOrientationLandscapeRight";
				INFOPLIST_KEY_UISupportedInterfaceOrientations_iPhone = "UIInterfaceOrientationPortrait UIInterfaceOrientationLandscapeLeft UIInterfaceOrientationLandscapeRight";
				LD_RUNPATH_SEARCH_PATHS = (
					"$(inherited)",
					"@executable_path/Frameworks",
				);
				MARKETING_VERSION = 1.0;
				PRODUCT_BUNDLE_IDENTIFIER = DSouza.qquiz;
				PRODUCT_NAME = "$(TARGET_NAME)";
				SWIFT_EMIT_LOC_STRINGS = YES;
				SWIFT_VERSION = 5.0;
				TARGETED_DEVICE_FAMILY = "1,2";
			};
			name = Debug;
		};
		C8AB83312A07D99D00E80EEC /* Release */ = {
			isa = XCBuildConfiguration;
			buildSettings = {
				ASSETCATALOG_COMPILER_APPICON_NAME = AppIcon;
				ASSETCATALOG_COMPILER_GLOBAL_ACCENT_COLOR_NAME = AccentColor;
				CODE_SIGN_STYLE = Automatic;
				CURRENT_PROJECT_VERSION = 1;
				DEVELOPMENT_ASSET_PATHS = "\"qquiz/Preview Content\"";
				DEVELOPMENT_TEAM = U33WKC9322;
				ENABLE_PREVIEWS = YES;
				GENERATE_INFOPLIST_FILE = YES;
				INFOPLIST_FILE = qquiz/Info.plist;
				INFOPLIST_KEY_LSApplicationCategoryType = "";
				INFOPLIST_KEY_UIApplicationSceneManifest_Generation = YES;
				INFOPLIST_KEY_UIApplicationSupportsIndirectInputEvents = YES;
				INFOPLIST_KEY_UISupportedInterfaceOrientations_iPad = "UIInterfaceOrientationPortrait UIInterfaceOrientationPortraitUpsideDown UIInterfaceOrientationLandscapeLeft UIInterfaceOrientationLandscapeRight";
				INFOPLIST_KEY_UISupportedInterfaceOrientations_iPhone = "UIInterfaceOrientationPortrait UIInterfaceOrientationLandscapeLeft UIInterfaceOrientationLandscapeRight";
				LD_RUNPATH_SEARCH_PATHS = (
					"$(inherited)",
					"@executable_path/Frameworks",
				);
				MARKETING_VERSION = 1.0;
				PRODUCT_BUNDLE_IDENTIFIER = DSouza.qquiz;
				PRODUCT_NAME = "$(TARGET_NAME)";
				SWIFT_EMIT_LOC_STRINGS = YES;
				SWIFT_VERSION = 5.0;
				TARGETED_DEVICE_FAMILY = "1,2";
			};
			name = Release;
		};
/* End XCBuildConfiguration section */

/* Begin XCConfigurationList section */
		C8AB831C2A07D99A00E80EEC /* Build configuration list for PBXProject "qquiz" */ = {
			isa = XCConfigurationList;
			buildConfigurations = (
				C8AB832D2A07D99D00E80EEC /* Debug */,
				C8AB832E2A07D99D00E80EEC /* Release */,
			);
			defaultConfigurationIsVisible = 0;
			defaultConfigurationName = Release;
		};
		C8AB832F2A07D99D00E80EEC /* Build configuration list for PBXNativeTarget "qquiz" */ = {
			isa = XCConfigurationList;
			buildConfigurations = (
				C8AB83302A07D99D00E80EEC /* Debug */,
				C8AB83312A07D99D00E80EEC /* Release */,
			);
			defaultConfigurationIsVisible = 0;
			defaultConfigurationName = Release;
		};
/* End XCConfigurationList section */
	};
	rootObject = C8AB83192A07D99A00E80EEC /* Project object */;
}
